
Microsoft Visual Studio Solution File, Format Version 12.00
Project("{FAE04EC0-301F-11D3-BF4B-00C04F79EFBC}") = "Cpu64", "Cpu64\Cpu64.csproj", "{57734E17-223A-40DE-B50E-322DD2982830}"
EndProject
Project("{FAE04EC0-301F-11D3-BF4B-00C04F79EFBC}") = "SigilLite", "SigilLite\SigilLite.csproj", "{97092A7C-B87E-4D3E-8972-0D4949A04354}"
EndProject
Project("{FAE04EC0-301F-11D3-BF4B-00C04F79EFBC}") = "Generator", "Generator\Generator.csproj", "{97604236-0D17-4C1C-A7F7-4A2046F4E1AB}"
EndProject
Project("{FAE04EC0-301F-11D3-BF4B-00C04F79EFBC}") = "GeneratorStubs", "GeneratorStubs\GeneratorStubs.csproj", "{A45A1E8A-110E-48CC-B7F2-F45D257053C0}"
EndProject
Project("{FAE04EC0-301F-11D3-BF4B-00C04F79EFBC}") = "Common", "Common\Common.csproj", "{D8AA942F-820C-4ABB-84C5-8A77BCA103CF}"
EndProject
Project("{FAE04EC0-301F-11D3-BF4B-00C04F79EFBC}") = "App", "App\App.csproj", "{C6637A5C-A870-41A6-AC4B-1658C25A13A9}"
EndProject
Project("{FAE04EC0-301F-11D3-BF4B-00C04F79EFBC}") = "UnicornSharp", "UnicornSharp\UnicornSharp.csproj", "{18AB06BA-F32A-4169-A307-733996602DBF}"
EndProject
Project("{FAE04EC0-301F-11D3-BF4B-00C04F79EFBC}") = "Supercell", "Supercell\Supercell.csproj", "{1937DEFE-893D-4C7C-AFA2-77F27BFD63E8}"
EndProject
Project("{FAE04EC0-301F-11D3-BF4B-00C04F79EFBC}") = "CpuTest", "CpuTest\CpuTest.csproj", "{47B35BE5-5470-48D3-87F7-8714A8244ABE}"
EndProject
Project("{FAE04EC0-301F-11D3-BF4B-00C04F79EFBC}") = "GdbStub", "GdbStub\GdbStub.csproj", "{76A6C3E8-B525-40C0-AB76-622B6E91A055}"
EndProject
Project("{FAE04EC0-301F-11D3-BF4B-00C04F79EFBC}") = "ExeDiff", "ExeDiff\ExeDiff.csproj", "{2B67A747-2B03-43A9-9F77-89BEF13471B9}"
EndProject
Project("{FAE04EC0-301F-11D3-BF4B-00C04F79EFBC}") = "IpcGenerator", "IpcGenerator\IpcGenerator.csproj", "{47018DA3-5267-40C1-940C-17E1FA42F4A2}"
EndProject
Global
	GlobalSection(SolutionConfigurationPlatforms) = preSolution
		Debug|Any CPU = Debug|Any CPU
		Release|Any CPU = Release|Any CPU
	EndGlobalSection
	GlobalSection(ProjectConfigurationPlatforms) = postSolution
		{57734E17-223A-40DE-B50E-322DD2982830}.Debug|Any CPU.ActiveCfg = Debug|Any CPU
		{57734E17-223A-40DE-B50E-322DD2982830}.Release|Any CPU.ActiveCfg = Release|Any CPU
		{57734E17-223A-40DE-B50E-322DD2982830}.Release|Any CPU.Build.0 = Release|Any CPU
		{57734E17-223A-40DE-B50E-322DD2982830}.Debug|Any CPU.Build.0 = Debug|Any CPU
		{97092A7C-B87E-4D3E-8972-0D4949A04354}.Debug|Any CPU.ActiveCfg = Debug|Any CPU
		{97092A7C-B87E-4D3E-8972-0D4949A04354}.Debug|Any CPU.Build.0 = Debug|Any CPU
		{97092A7C-B87E-4D3E-8972-0D4949A04354}.Release|Any CPU.ActiveCfg = Release|Any CPU
		{97092A7C-B87E-4D3E-8972-0D4949A04354}.Release|Any CPU.Build.0 = Release|Any CPU
		{97604236-0D17-4C1C-A7F7-4A2046F4E1AB}.Debug|Any CPU.ActiveCfg = Debug|Any CPU
		{97604236-0D17-4C1C-A7F7-4A2046F4E1AB}.Debug|Any CPU.Build.0 = Debug|Any CPU
		{97604236-0D17-4C1C-A7F7-4A2046F4E1AB}.Release|Any CPU.ActiveCfg = Release|Any CPU
		{97604236-0D17-4C1C-A7F7-4A2046F4E1AB}.Release|Any CPU.Build.0 = Release|Any CPU
		{A45A1E8A-110E-48CC-B7F2-F45D257053C0}.Debug|Any CPU.ActiveCfg = Debug|Any CPU
		{A45A1E8A-110E-48CC-B7F2-F45D257053C0}.Release|Any CPU.ActiveCfg = Release|Any CPU
		{D8AA942F-820C-4ABB-84C5-8A77BCA103CF}.Debug|Any CPU.ActiveCfg = Debug|Any CPU
		{D8AA942F-820C-4ABB-84C5-8A77BCA103CF}.Debug|Any CPU.Build.0 = Debug|Any CPU
		{D8AA942F-820C-4ABB-84C5-8A77BCA103CF}.Release|Any CPU.ActiveCfg = Release|Any CPU
		{D8AA942F-820C-4ABB-84C5-8A77BCA103CF}.Release|Any CPU.Build.0 = Release|Any CPU
		{C6637A5C-A870-41A6-AC4B-1658C25A13A9}.Debug|Any CPU.ActiveCfg = Debug|Any CPU
		{C6637A5C-A870-41A6-AC4B-1658C25A13A9}.Debug|Any CPU.Build.0 = Debug|Any CPU
		{C6637A5C-A870-41A6-AC4B-1658C25A13A9}.Release|Any CPU.ActiveCfg = Release|Any CPU
		{C6637A5C-A870-41A6-AC4B-1658C25A13A9}.Release|Any CPU.Build.0 = Release|Any CPU
		{18AB06BA-F32A-4169-A307-733996602DBF}.Debug|Any CPU.ActiveCfg = Debug|Any CPU
		{18AB06BA-F32A-4169-A307-733996602DBF}.Debug|Any CPU.Build.0 = Debug|Any CPU
		{18AB06BA-F32A-4169-A307-733996602DBF}.Release|Any CPU.ActiveCfg = Release|Any CPU
		{1937DEFE-893D-4C7C-AFA2-77F27BFD63E8}.Debug|Any CPU.ActiveCfg = Debug|Any CPU
		{1937DEFE-893D-4C7C-AFA2-77F27BFD63E8}.Debug|Any CPU.Build.0 = Debug|Any CPU
		{1937DEFE-893D-4C7C-AFA2-77F27BFD63E8}.Release|Any CPU.ActiveCfg = Release|Any CPU
		{1937DEFE-893D-4C7C-AFA2-77F27BFD63E8}.Release|Any CPU.Build.0 = Release|Any CPU
		{47B35BE5-5470-48D3-87F7-8714A8244ABE}.Debug|Any CPU.ActiveCfg = Debug|Any CPU
		{47B35BE5-5470-48D3-87F7-8714A8244ABE}.Debug|Any CPU.Build.0 = Debug|Any CPU
		{47B35BE5-5470-48D3-87F7-8714A8244ABE}.Release|Any CPU.ActiveCfg = Release|Any CPU
		{47B35BE5-5470-48D3-87F7-8714A8244ABE}.Release|Any CPU.Build.0 = Release|Any CPU
		{76A6C3E8-B525-40C0-AB76-622B6E91A055}.Debug|Any CPU.ActiveCfg = Debug|Any CPU
		{76A6C3E8-B525-40C0-AB76-622B6E91A055}.Debug|Any CPU.Build.0 = Debug|Any CPU
		{76A6C3E8-B525-40C0-AB76-622B6E91A055}.Release|Any CPU.ActiveCfg = Release|Any CPU
		{76A6C3E8-B525-40C0-AB76-622B6E91A055}.Release|Any CPU.Build.0 = Release|Any CPU
		{2B67A747-2B03-43A9-9F77-89BEF13471B9}.Debug|Any CPU.ActiveCfg = Debug|Any CPU
		{2B67A747-2B03-43A9-9F77-89BEF13471B9}.Debug|Any CPU.Build.0 = Debug|Any CPU
		{2B67A747-2B03-43A9-9F77-89BEF13471B9}.Release|Any CPU.ActiveCfg = Release|Any CPU
		{2B67A747-2B03-43A9-9F77-89BEF13471B9}.Release|Any CPU.Build.0 = Release|Any CPU
		{47018DA3-5267-40C1-940C-17E1FA42F4A2}.Debug|Any CPU.ActiveCfg = Debug|Any CPU
		{47018DA3-5267-40C1-940C-17E1FA42F4A2}.Debug|Any CPU.Build.0 = Debug|Any CPU
		{47018DA3-5267-40C1-940C-17E1FA42F4A2}.Release|Any CPU.ActiveCfg = Release|Any CPU
		{47018DA3-5267-40C1-940C-17E1FA42F4A2}.Release|Any CPU.Build.0 = Release|Any CPU
	EndGlobalSection
EndGlobal
